// !$*UTF8*$!
{
	archiveVersion = 1;
	classes = {
	};
	objectVersion = 48;
	objects = {

/* Begin PBXBuildFile section */
		0B135ED21F9BB5A800057CA8 /* AppDelegate.swift in Sources */ = {isa = PBXBuildFile; fileRef = 0B135ED11F9BB5A800057CA8 /* AppDelegate.swift */; };
		0B135ED41F9BB5A800057CA8 /* ViewController.swift in Sources */ = {isa = PBXBuildFile; fileRef = 0B135ED31F9BB5A800057CA8 /* ViewController.swift */; };
		0B135ED71F9BB5A800057CA8 /* Main.storyboard in Resources */ = {isa = PBXBuildFile; fileRef = 0B135ED51F9BB5A800057CA8 /* Main.storyboard */; };
		0B135ED91F9BB5A800057CA8 /* Assets.xcassets in Resources */ = {isa = PBXBuildFile; fileRef = 0B135ED81F9BB5A800057CA8 /* Assets.xcassets */; };
		0B135EDC1F9BB5A800057CA8 /* LaunchScreen.storyboard in Resources */ = {isa = PBXBuildFile; fileRef = 0B135EDA1F9BB5A800057CA8 /* LaunchScreen.storyboard */; };
/* End PBXBuildFile section */

/* Begin PBXFileReference section */
		0B135ECE1F9BB5A800057CA8 /* coinToss.app */ = {isa = PBXFileReference; explicitFileType = wrapper.application; includeInIndex = 0; path = coinToss.app; sourceTree = BUILT_PRODUCTS_DIR; };
		0B135ED11F9BB5A800057CA8 /* AppDelegate.swift */ = {isa = PBXFileReference; lastKnownFileType = sourcecode.swift; path = AppDelegate.swift; sourceTree = "<group>"; };
		0B135ED31F9BB5A800057CA8 /* ViewController.swift */ = {isa = PBXFileReference; lastKnownFileType = sourcecode.swift; path = ViewController.swift; sourceTree = "<group>"; };
		0B135ED61F9BB5A800057CA8 /* Base */ = {isa = PBXFileReference; lastKnownFileType = file.storyboard; name = Base; path = Base.lproj/Main.storyboard; sourceTree = "<group>"; };
		0B135ED81F9BB5A800057CA8 /* Assets.xcassets */ = {isa = PBXFileReference; lastKnownFileType = folder.assetcatalog; path = Assets.xcassets; sourceTree = "<group>"; };
		0B135EDB1F9BB5A800057CA8 /* Base */ = {isa = PBXFileReference; lastKnownFileType = file.storyboard; name = Base; path = Base.lproj/LaunchScreen.storyboard; sourceTree = "<group>"; };
		0B135EDD1F9BB5A800057CA8 /* Info.plist */ = {isa = PBXFileReference; lastKnownFileType = text.plist.xml; path = Info.plist; sourceTree = "<group>"; };
/* End PBXFileReference section */

/* Begin PBXFrameworksBuildPhase section */
		0B135ECB1F9BB5A800057CA8 /* Frameworks */ = {
			isa = PBXFrameworksBuildPhase;
			buildActionMask = 2147483647;
			files = (
			);
			runOnlyForDeploymentPostprocessing = 0;
		};
/* End PBXFrameworksBuildPhase section */

/* Begin PBXGroup section */
		0B135EC51F9BB5A800057CA8 = {
			isa = PBXGroup;
			children = (
				0B135ED01F9BB5A800057CA8 /* coinToss */,
				0B135ECF1F9BB5A800057CA8 /* Products */,
			);
			sourceTree = "<group>";
		};
		0B135ECF1F9BB5A800057CA8 /* Products */ = {
			isa = PBXGroup;
			children = (
				0B135ECE1F9BB5A800057CA8 /* coinToss.app */,
			);
			name = Products;
			sourceTree = "<group>";
		};
		0B135ED01F9BB5A800057CA8 /* coinToss */ = {
			isa = PBXGroup;
			children = (
				0B135ED11F9BB5A800057CA8 /* AppDelegate.swift */,
				0B135ED31F9BB5A800057CA8 /* ViewController.swift */,
				0B135ED51F9BB5A800057CA8 /* Main.storyboard */,
				0B135ED81F9BB5A800057CA8 /* Assets.xcassets */,
				0B135EDA1F9BB5A800057CA8 /* LaunchScreen.storyboard */,
				0B135EDD1F9BB5A800057CA8 /* Info.plist */,
			);
			path = coinToss;
			sourceTree = "<group>";
		};
/* End PBXGroup section */

/* Begin PBXNativeTarget section */
		0B135ECD1F9BB5A800057CA8 /* coinToss */ = {
			isa = PBXNativeTarget;
			buildConfigurationList = 0B135EE01F9BB5A800057CA8 /* Build configuration list for PBXNativeTarget "coinToss" */;
			buildPhases = (
				0B135ECA1F9BB5A800057CA8 /* Sources */,
				0B135ECB1F9BB5A800057CA8 /* Frameworks */,
				0B135ECC1F9BB5A800057CA8 /* Resources */,
			);
			buildRules = (
			);
			dependencies = (
			);
			name = coinToss;
			productName = coinToss;
			productReference = 0B135ECE1F9BB5A800057CA8 /* coinToss.app */;
			productType = "com.apple.product-type.application";
		};
/* End PBXNativeTarget section */

/* Begin PBXProject section */
		0B135EC61F9BB5A800057CA8 /* Project object */ = {
			isa = PBXProject;
			attributes = {
				LastSwiftUpdateCheck = 0900;
				LastUpgradeCheck = 0900;
				ORGANIZATIONNAME = "Bharath Raj Kumar";
				TargetAttributes = {
					0B135ECD1F9BB5A800057CA8 = {
						CreatedOnToolsVersion = 9.0.1;
						ProvisioningStyle = Automatic;
					};
				};
			};
			buildConfigurationList = 0B135EC91F9BB5A800057CA8 /* Build configuration list for PBXProject "coinToss" */;
			compatibilityVersion = "Xcode 8.0";
			developmentRegion = en;
			hasScannedForEncodings = 0;
			knownRegions = (
				en,
				Base,
			);
			mainGroup = 0B135EC51F9BB5A800057CA8;
			productRefGroup = 0B135ECF1F9BB5A800057CA8 /* Products */;
			projectDirPath = "";
			projectRoot = "";
			targets = (
				0B135ECD1F9BB5A800057CA8 /* coinToss */,
			);
		};
/* End PBXProject section */

/* Begin PBXResourcesBuildPhase section */
		0B135ECC1F9BB5A800057CA8 /* Resources */ = {
			isa = PBXResourcesBuildPhase;
			buildActionMask = 2147483647;
			files = (
				0B135EDC1F9BB5A800057CA8 /* LaunchScreen.storyboard in Resources */,
				0B135ED91F9BB5A800057CA8 /* Assets.xcassets in Resources */,
				0B135ED71F9BB5A800057CA8 /* Main.storyboard in Resources */,
			);
			runOnlyForDeploymentPostprocessing = 0;
		};
/* End PBXResourcesBuildPhase section */

/* Begin PBXSourcesBuildPhase section */
		0B135ECA1F9BB5A800057CA8 /* Sources */ = {
			isa = PBXSourcesBuildPhase;
			buildActionMask = 2147483647;
			files = (
				0B135ED41F9BB5A800057CA8 /* ViewController.swift in Sources */,
				0B135ED21F9BB5A800057CA8 /* AppDelegate.swift in Sources */,
			);
			runOnlyForDeploymentPostprocessing = 0;
		};
/* End PBXSourcesBuildPhase section */

/* Begin PBXVariantGroup section */
		0B135ED51F9BB5A800057CA8 /* Main.storyboard */ = {
			isa = PBXVariantGroup;
			children = (
				0B135ED61F9BB5A800057CA8 /* Base */,
			);
			name = Main.storyboard;
			sourceTree = "<group>";
		};
		0B135EDA1F9BB5A800057CA8 /* LaunchScreen.storyboard */ = {
			isa = PBXVariantGroup;
			children = (
				0B135EDB1F9BB5A800057CA8 /* Base */,
			);
			name = LaunchScreen.storyboard;
			sourceTree = "<group>";
		};
/* End PBXVariantGroup section */

/* Begin XCBuildConfiguration section */
		0B135EDE1F9BB5A800057CA8 /* Debug */ = {
			isa = XCBuildConfiguration;
			buildSettings = {
				ALWAYS_SEARCH_USER_PATHS = NO;
				CLANG_ANALYZER_NONNULL = YES;
				CLANG_ANALYZER_NUMBER_OBJECT_CONVERSION = YES_AGGRESSIVE;
				CLANG_CXX_LANGUAGE_STANDARD = "gnu++14";
				CLANG_CXX_LIBRARY = "libc++";
				CLANG_ENABLE_MODULES = YES;
				CLANG_ENABLE_OBJC_ARC = YES;
				CLANG_WARN_BLOCK_CAPTURE_AUTORELEASING = YES;
				CLANG_WARN_BOOL_CONVERSION = YES;
				CLANG_WARN_COMMA = YES;
				CLANG_WARN_CONSTANT_CONVERSION = YES;
				CLANG_WARN_DIRECT_OBJC_ISA_USAGE = YES_ERROR;
				CLANG_WARN_DOCUMENTATION_COMMENTS = YES;
				CLANG_WARN_EMPTY_BODY = YES;
				CLANG_WARN_ENUM_CONVERSION = YES;
				CLANG_WARN_INFINITE_RECURSION = YES;
				CLANG_WARN_INT_CONVERSION = YES;
				CLANG_WARN_NON_LITERAL_NULL_CONVERSION = YES;
				CLANG_WARN_OBJC_LITERAL_CONVERSION = YES;
				CLANG_WARN_OBJC_ROOT_CLASS = YES_ERROR;
				CLANG_WARN_RANGE_LOOP_ANALYSIS = YES;
				CLANG_WARN_STRICT_PROTOTYPES = YES;
				CLANG_WARN_SUSPICIOUS_MOVE = YES;
				CLANG_WARN_UNGUARDED_AVAILABILITY = YES_AGGRESSIVE;
				CLANG_WARN_UNREACHABLE_CODE = YES;
				CLANG_WARN__DUPLICATE_METHOD_MATCH = YES;
				CODE_SIGN_IDENTITY = "iPhone Developer";
				COPY_PHASE_STRIP = NO;
				DEBUG_INFORMATION_FORMAT = dwarf;
				ENABLE_STRICT_OBJC_MSGSEND = YES;
				ENABLE_TESTABILITY = YES;
				GCC_C_LANGUAGE_STANDARD = gnu11;
				GCC_DYNAMIC_NO_PIC = NO;
				GCC_NO_COMMON_BLOCKS = YES;
				GCC_OPTIMIZATION_LEVEL = 0;
				GCC_PREPROCESSOR_DEFINITIONS = (
					"DEBUG=1",
					"$(inherited)",
				);
				GCC_WARN_64_TO_32_BIT_CONVERSION = YES;
				GCC_WARN_ABOUT_RETURN_TYPE = YES_ERROR;
				GCC_WARN_UNDECLARED_SELECTOR = YES;
				GCC_WARN_UNINITIALIZED_AUTOS = YES_AGGRESSIVE;
				GCC_WARN_UNUSED_FUNCTION = YES;
				GCC_WARN_UNUSED_VARIABLE = YES;
				IPHONEOS_DEPLOYMENT_TARGET = 11.0;
				MTL_ENABLE_DEBUG_INFO = YES;
				ONLY_ACTIVE_ARCH = YES;
				SDKROOT = iphoneos;
				SWIFT_ACTIVE_COMPILATION_CONDITIONS = DEBUG;
				SWIFT_OPTIMIZATION_LEVEL = "-Onone";
			};
			name = Debug;
		};
		0B135EDF1F9BB5A800057CA8 /* Release */ = {
			isa = XCBuildConfiguration;
			buildSettings = {
				ALWAYS_SEARCH_USER_PATHS = NO;
				CLANG_ANALYZER_NONNULL = YES;
				CLANG_ANALYZER_NUMBER_OBJECT_CONVERSION = YES_AGGRESSIVE;
				CLANG_CXX_LANGUAGE_STANDARD = "gnu++14";
				CLANG_CXX_LIBRARY = "libc++";
				CLANG_ENABLE_MODULES = YES;
				CLANG_ENABLE_OBJC_ARC = YES;
				CLANG_WARN_BLOCK_CAPTURE_AUTORELEASING = YES;
				CLANG_WARN_BOOL_CONVERSION = YES;
				CLANG_WARN_COMMA = YES;
				CLANG_WARN_CONSTANT_CONVERSION = YES;
				CLANG_WARN_DIRECT_OBJC_ISA_USAGE = YES_ERROR;
				CLANG_WARN_DOCUMENTATION_COMMENTS = YES;
				CLANG_WARN_EMPTY_BODY = YES;
				CLANG_WARN_ENUM_CONVERSION = YES;
				CLANG_WARN_INFINITE_RECURSION = YES;
				CLANG_WARN_INT_CONVERSION = YES;
				CLANG_WARN_NON_LITERAL_NULL_CONVERSION = YES;
				CLANG_WARN_OBJC_LITERAL_CONVERSION = YES;
				CLANG_WARN_OBJC_ROOT_CLASS = YES_ERROR;
				CLANG_WARN_RANGE_LOOP_ANALYSIS = YES;
				CLANG_WARN_STRICT_PROTOTYPES = YES;
				CLANG_WARN_SUSPICIOUS_MOVE = YES;
				CLANG_WARN_UNGUARDED_AVAILABILITY = YES_AGGRESSIVE;
				CLANG_WARN_UNREACHABLE_CODE = YES;
				CLANG_WARN__DUPLICATE_METHOD_MATCH = YES;
				CODE_SIGN_IDENTITY = "iPhone Developer";
				COPY_PHASE_STRIP = NO;
				DEBUG_INFORMATION_FORMAT = "dwarf-with-dsym";
				ENABLE_NS_ASSERTIONS = NO;
				ENABLE_STRICT_OBJC_MSGSEND = YES;
				GCC_C_LANGUAGE_STANDARD = gnu11;
				GCC_NO_COMMON_BLOCKS = YES;
				GCC_WARN_64_TO_32_BIT_CONVERSION = YES;
				GCC_WARN_ABOUT_RETURN_TYPE = YES_ERROR;
				GCC_WARN_UNDECLARED_SELECTOR = YES;
				GCC_WARN_UNINITIALIZED_AUTOS = YES_AGGRESSIVE;
				GCC_WARN_UNUSED_FUNCTION = YES;
				GCC_WARN_UNUSED_VARIABLE = YES;
				IPHONEOS_DEPLOYMENT_TARGET = 11.0;
				MTL_ENABLE_DEBUG_INFO = NO;
				SDKROOT = iphoneos;
				SWIFT_OPTIMIZATION_LEVEL = "-Owholemodule";
				VALIDATE_PRODUCT = YES;
			};
			name = Release;
		};
		0B135EE11F9BB5A800057CA8 /* Debug */ = {
			isa = XCBuildConfiguration;
			buildSettings = {
				ASSETCATALOG_COMPILER_APPICON_NAME = AppIcon;
				CODE_SIGN_STYLE = Automatic;
				DEVELOPMENT_TEAM = UHM3CJ429A;
				INFOPLIST_FILE = coinToss/Info.plist;
				LD_RUNPATH_SEARCH_PATHS = "$(inherited) @executable_path/Frameworks";
				PRODUCT_BUNDLE_IDENTIFIER = co.bharathb.coinToss;
				PRODUCT_NAME = "$(TARGET_NAME)";
				SWIFT_VERSION = 4.0;
				TARGETED_DEVICE_FAMILY = "1,2";
			};
			name = Debug;
		};
		0B135EE21F9BB5A800057CA8 /* Release */ = {
			isa = XCBuildConfiguration;
			buildSettings = {
				ASSETCATALOG_COMPILER_APPICON_NAME = AppIcon;
				CODE_SIGN_STYLE = Automatic;
				DEVELOPMENT_TEAM = UHM3CJ429A;
				INFOPLIST_FILE = coinToss/Info.plist;
				LD_RUNPATH_SEARCH_PATHS = "$(inherited) @executable_path/Frameworks";
				PRODUCT_BUNDLE_IDENTIFIER = co.bharathb.coinToss;
				PRODUCT_NAME = "$(TARGET_NAME)";
				SWIFT_VERSION = 4.0;
				TARGETED_DEVICE_FAMILY = "1,2";
			};
			name = Release;
		};
/* End XCBuildConfiguration section */

/* Begin XCConfigurationList section */
		0B135EC91F9BB5A800057CA8 /* Build configuration list for PBXProject "coinToss" */ = {
			isa = XCConfigurationList;
			buildConfigurations = (
				0B135EDE1F9BB5A800057CA8 /* Debug */,
				0B135EDF1F9BB5A800057CA8 /* Release */,
			);
			defaultConfigurationIsVisible = 0;
			defaultConfigurationName = Release;
		};
		0B135EE01F9BB5A800057CA8 /* Build configuration list for PBXNativeTarget "coinToss" */ = {
			isa = XCConfigurationList;
			buildConfigurations = (
				0B135EE11F9BB5A800057CA8 /* Debug */,
				0B135EE21F9BB5A800057CA8 /* Release */,
			);
			defaultConfigurationIsVisible = 0;
			defaultConfigurationName = Release;
		};
/* End XCConfigurationList section */
	};
	rootObject = 0B135EC61F9BB5A800057CA8 /* Project object */;
}
